
Microsoft Visual Studio Solution File, Format Version 12.00
# Visual Studio 14
VisualStudioVersion = 14.0.25420.1
MinimumVisualStudioVersion = 10.0.40219.1
Project("{FAE04EC0-301F-11D3-BF4B-00C04F79EFBC}") = "sio", "SIO\sio.csproj", "{A9A6C395-4549-4DBE-8E5B-A9A562D0669A}"
EndProject
Project("{FAE04EC0-301F-11D3-BF4B-00C04F79EFBC}") = "CapaDatos", "CapaDatos\CapaDatos.csproj", "{284392B5-0D72-463F-9C1B-BDB8490898FD}"
EndProject
Project("{FAE04EC0-301F-11D3-BF4B-00C04F79EFBC}") = "CapaControl", "CapaControl\CapaControl.csproj", "{1EBA5323-EA4D-4792-B060-F23900F02F0B}"
EndProject
Global
	GlobalSection(SolutionConfigurationPlatforms) = preSolution
		Debug|Any CPU = Debug|Any CPU
		Release|Any CPU = Release|Any CPU
	EndGlobalSection
	GlobalSection(ProjectConfigurationPlatforms) = postSolution
		{A9A6C395-4549-4DBE-8E5B-A9A562D0669A}.Debug|Any CPU.ActiveCfg = Debug|Any CPU
		{A9A6C395-4549-4DBE-8E5B-A9A562D0669A}.Debug|Any CPU.Build.0 = Debug|Any CPU
		{A9A6C395-4549-4DBE-8E5B-A9A562D0669A}.Release|Any CPU.ActiveCfg = Release|Any CPU
		{A9A6C395-4549-4DBE-8E5B-A9A562D0669A}.Release|Any CPU.Build.0 = Release|Any CPU
		{284392B5-0D72-463F-9C1B-BDB8490898FD}.Debug|Any CPU.ActiveCfg = Debug|Any CPU
		{284392B5-0D72-463F-9C1B-BDB8490898FD}.Debug|Any CPU.Build.0 = Debug|Any CPU
		{284392B5-0D72-463F-9C1B-BDB8490898FD}.Release|Any CPU.ActiveCfg = Release|Any CPU
		{284392B5-0D72-463F-9C1B-BDB8490898FD}.Release|Any CPU.Build.0 = Release|Any CPU
		{1EBA5323-EA4D-4792-B060-F23900F02F0B}.Debug|Any CPU.ActiveCfg = Debug|Any CPU
		{1EBA5323-EA4D-4792-B060-F23900F02F0B}.Debug|Any CPU.Build.0 = Debug|Any CPU
		{1EBA5323-EA4D-4792-B060-F23900F02F0B}.Release|Any CPU.ActiveCfg = Release|Any CPU
		{1EBA5323-EA4D-4792-B060-F23900F02F0B}.Release|Any CPU.Build.0 = Release|Any CPU
	EndGlobalSection
	GlobalSection(SolutionProperties) = preSolution
		HideSolutionNode = FALSE
	EndGlobalSection
EndGlobal
